{
  "name": "rationsweb-monorepo",
  "lockfileVersion": 3,
  "requires": true,
  "packages": {
    "": {
      "name": "rationsweb-monorepo",
      "dependencies": {
        "embla-carousel-react": "^8.6.0"
      }
    },
    "admin": {
      "name": "rationsweb-admin",
      "version": "1.0.0",
      "extraneous": true,
      "dependencies": {
        "axios": "^1.7.2",
        "lucide-react": "^0.554.0",
        "react": "^18.3.1",
        "react-dom": "^18.3.1",
        "react-router-dom": "^6.27.0"
      },
      "devDependencies": {
        "@types/node": "^22.10.2",
        "@types/react": "^18.3.11",
        "@types/react-dom": "^18.3.1",
        "@vitejs/plugin-react": "^4.3.0",
        "autoprefixer": "^10.4.20",
        "postcss": "^8.4.49",
        "tailwindcss": "^3.4.13",
        "typescript": "^5.6.3",
        "vite": "^5.4.0"
      }
    },
    "client": {
      "name": "rations-food-client",
      "version": "1.0.0",
      "extraneous": true,
      "dependencies": {
        "axios": "^1.7.2",
        "clsx": "^2.1.1",
        "lucide-react": "^0.554.0",
        "react": "^18.3.1",
        "react-dom": "^18.3.1",
        "react-icons": "^5.5.0",
        "react-player": "^3.4.0",
        "react-router-dom": "^6.27.0",
        "tailwind-merge": "^3.4.0"
      },
      "devDependencies": {
        "@types/node": "^22.10.2",
        "@types/react": "^18.3.11",
        "@types/react-dom": "^18.3.1",
        "@vitejs/plugin-react": "^4.3.0",
        "autoprefixer": "^10.4.20",
        "postcss": "^8.4.49",
        "tailwindcss": "^3.4.13",
        "typescript": "^5.6.3",
        "vite": "^5.4.0",
        "vite-tsconfig-paths": "^5.1.4"
      }
    },
    "node_modules/embla-carousel": {
      "version": "8.6.0",
      "resolved": "https://registry.npmjs.org/embla-carousel/-/embla-carousel-8.6.0.tgz",
      "integrity": "sha512-SjWyZBHJPbqxHOzckOfo8lHisEaJWmwd23XppYFYVh10bU66/Pn5tkVkbkCMZVdbUE5eTCI2nD8OyIP4Z+uwkA==",
      "license": "MIT",
      "peer": true
    },
    "node_modules/embla-carousel-react": {
      "version": "8.6.0",
      "resolved": "https://registry.npmjs.org/embla-carousel-react/-/embla-carousel-react-8.6.0.tgz",
      "integrity": "sha512-0/PjqU7geVmo6F734pmPqpyHqiM99olvyecY7zdweCw+6tKEXnrE90pBiBbMMU8s5tICemzpQ3hi5EpxzGW+JA==",
      "license": "MIT",
      "dependencies": {
        "embla-carousel": "8.6.0",
        "embla-carousel-reactive-utils": "8.6.0"
      },
      "peerDependencies": {
        "react": "^16.8.0 || ^17.0.1 || ^18.0.0 || ^19.0.0 || ^19.0.0-rc"
      }
    },
    "node_modules/embla-carousel-reactive-utils": {
      "version": "8.6.0",
      "resolved": "https://registry.npmjs.org/embla-carousel-reactive-utils/-/embla-carousel-reactive-utils-8.6.0.tgz",
      "integrity": "sha512-fMVUDUEx0/uIEDM0Mz3dHznDhfX+znCCDCeIophYb1QGVM7YThSWX+wz11zlYwWFOr74b4QLGg0hrGPJeG2s4A==",
      "license": "MIT",
      "peerDependencies": {
        "embla-carousel": "8.6.0"
      }
    },
    "node_modules/js-tokens": {
      "version": "4.0.0",
      "license": "MIT"
    },
    "node_modules/loose-envify": {
      "version": "1.4.0",
      "license": "MIT",
      "dependencies": {
        "js-tokens": "^3.0.0 || ^4.0.0"
      },
      "bin": {
        "loose-envify": "cli.js"
      }
    },
    "node_modules/react": {
      "version": "18.3.1",
      "license": "MIT",
      "peer": true,
      "dependencies": {
        "loose-envify": "^1.1.0"
      },
      "engines": {
        "node": ">=0.10.0"
      }
    },
    "server": {
      "name": "rationsweb-server",
      "version": "1.0.0",
      "extraneous": true,
      "dependencies": {
        "axios": "^1.13.2",
        "bcryptjs": "^3.0.3",
        "compression": "^1.8.1",
        "cookie-parser": "^1.4.7",
        "cors": "^2.8.5",
        "dotenv": "^16.4.5",
        "express": "^4.19.2",
        "express-rate-limit": "^8.2.1",
        "helmet": "^8.1.0",
        "jsonwebtoken": "^9.0.3",
        "mongoose": "^8.3.2",
        "morgan": "^1.10.0",
        "node-cron": "^4.2.1",
        "zod": "^3.23.8"
      },
      "devDependencies": {
        "@types/bcryptjs": "^2.4.6",
        "@types/compression": "^1.8.1",
        "@types/cookie-parser": "^1.4.10",
        "@types/cors": "^2.8.17",
        "@types/express": "^4.17.21",
        "@types/jsonwebtoken": "^9.0.10",
        "@types/morgan": "^1.9.9",
        "@types/node": "^20.12.7",
        "ts-node-dev": "^2.0.0",
        "typescript": "^5.4.5"
      }
    }
  }
}
